
Microsoft Visual Studio Solution File, Format Version 12.00
# Visual Studio Version 17
VisualStudioVersion = 17.7.34221.43
MinimumVisualStudioVersion = 10.0.40219.1
Project("{FAE04EC0-301F-11D3-BF4B-00C04F79EFBC}") = "Sums of Anarchy", "Sums of Anarchy\Sums of Anarchy.csproj", "{52AF3486-2E27-423C-B231-DA669EDDDBDE}"
EndProject
Global
	GlobalSection(SolutionConfigurationPlatforms) = preSolution
		Debug|Any CPU = Debug|Any CPU
		Release|Any CPU = Release|Any CPU
	EndGlobalSection
	GlobalSection(ProjectConfigurationPlatforms) = postSolution
		{52AF3486-2E27-423C-B231-DA669EDDDBDE}.Debug|Any CPU.ActiveCfg = Debug|Any CPU
		{52AF3486-2E27-423C-B231-DA669EDDDBDE}.Debug|Any CPU.Build.0 = Debug|Any CPU
		{52AF3486-2E27-423C-B231-DA669EDDDBDE}.Release|Any CPU.ActiveCfg = Release|Any CPU
		{52AF3486-2E27-423C-B231-DA669EDDDBDE}.Release|Any CPU.Build.0 = Release|Any CPU
	EndGlobalSection
	GlobalSection(SolutionProperties) = preSolution
		HideSolutionNode = FALSE
	EndGlobalSection
	GlobalSection(ExtensibilityGlobals) = postSolution
		SolutionGuid = {3D94667E-AB30-4850-AC00-5A4A9C89B95F}
	EndGlobalSection
EndGlobal
